
Microsoft Visual Studio Solution File, Format Version 12.00
# Visual Studio Version 16
VisualStudioVersion = 16.0.29209.62
MinimumVisualStudioVersion = 10.0.40219.1
Project("{9A19103F-16F7-4668-BE54-9A1E7A4F7556}") = "BExpr.Core.Lang", "BExpr.Core.Lang.csproj", "{49A000C9-D8A6-4836-AD08-6183BC3DFCCB}"
EndProject
Global
	GlobalSection(SolutionConfigurationPlatforms) = preSolution
		Debug|Any CPU = Debug|Any CPU
		Release|Any CPU = Release|Any CPU
	EndGlobalSection
	GlobalSection(ProjectConfigurationPlatforms) = postSolution
		{49A000C9-D8A6-4836-AD08-6183BC3DFCCB}.Debug|Any CPU.ActiveCfg = Debug|Any CPU
		{49A000C9-D8A6-4836-AD08-6183BC3DFCCB}.Debug|Any CPU.Build.0 = Debug|Any CPU
		{49A000C9-D8A6-4836-AD08-6183BC3DFCCB}.Release|Any CPU.ActiveCfg = Release|Any CPU
		{49A000C9-D8A6-4836-AD08-6183BC3DFCCB}.Release|Any CPU.Build.0 = Release|Any CPU
	EndGlobalSection
	GlobalSection(SolutionProperties) = preSolution
		HideSolutionNode = FALSE
	EndGlobalSection
	GlobalSection(ExtensibilityGlobals) = postSolution
		SolutionGuid = {915E8A84-0D5C-4543-8B71-AD1A2E0E6E05}
	EndGlobalSection
EndGlobal
